// !$*UTF8*$!
{
	archiveVersion = 1;
	classes = {
	};
	objectVersion = 55;
	objects = {

/* Begin PBXBuildFile section */
		DB4898BA279B53DA00CF7FE1 /* Make_WavesApp.swift in Sources */ = {isa = PBXBuildFile; fileRef = DB4898B9279B53DA00CF7FE1 /* Make_WavesApp.swift */; };
		DB4898BC279B53DA00CF7FE1 /* ContentView.swift in Sources */ = {isa = PBXBuildFile; fileRef = DB4898BB279B53DA00CF7FE1 /* ContentView.swift */; };
		DB4898BE279B53DA00CF7FE1 /* Assets.xcassets in Resources */ = {isa = PBXBuildFile; fileRef = DB4898BD279B53DA00CF7FE1 /* Assets.xcassets */; };
		DB4898C1279B53DA00CF7FE1 /* Preview Assets.xcassets in Resources */ = {isa = PBXBuildFile; fileRef = DB4898C0279B53DA00CF7FE1 /* Preview Assets.xcassets */; };
		DB4898CA279B541200CF7FE1 /* BuoyView.swift in Sources */ = {isa = PBXBuildFile; fileRef = DB4898C7279B541200CF7FE1 /* BuoyView.swift */; };
		DB4898CB279B541200CF7FE1 /* PlaySound.swift in Sources */ = {isa = PBXBuildFile; fileRef = DB4898C8279B541200CF7FE1 /* PlaySound.swift */; };
		DB4898CC279B541200CF7FE1 /* WaveView.swift in Sources */ = {isa = PBXBuildFile; fileRef = DB4898C9279B541200CF7FE1 /* WaveView.swift */; };
		DB4898CE279B541C00CF7FE1 /* buoyBells.m4a in Resources */ = {isa = PBXBuildFile; fileRef = DB4898CD279B541C00CF7FE1 /* buoyBells.m4a */; };
/* End PBXBuildFile section */

/* Begin PBXFileReference section */
		DB4898B6279B53DA00CF7FE1 /* Make Waves.app */ = {isa = PBXFileReference; explicitFileType = wrapper.application; includeInIndex = 0; path = "Make Waves.app"; sourceTree = BUILT_PRODUCTS_DIR; };
		DB4898B9279B53DA00CF7FE1 /* Make_WavesApp.swift */ = {isa = PBXFileReference; lastKnownFileType = sourcecode.swift; path = Make_WavesApp.swift; sourceTree = "<group>"; };
		DB4898BB279B53DA00CF7FE1 /* ContentView.swift */ = {isa = PBXFileReference; lastKnownFileType = sourcecode.swift; path = ContentView.swift; sourceTree = "<group>"; };
		DB4898BD279B53DA00CF7FE1 /* Assets.xcassets */ = {isa = PBXFileReference; lastKnownFileType = folder.assetcatalog; path = Assets.xcassets; sourceTree = "<group>"; };
		DB4898C0279B53DA00CF7FE1 /* Preview Assets.xcassets */ = {isa = PBXFileReference; lastKnownFileType = folder.assetcatalog; path = "Preview Assets.xcassets"; sourceTree = "<group>"; };
		DB4898C7279B541200CF7FE1 /* BuoyView.swift */ = {isa = PBXFileReference; fileEncoding = 4; lastKnownFileType = sourcecode.swift; path = BuoyView.swift; sourceTree = "<group>"; };
		DB4898C8279B541200CF7FE1 /* PlaySound.swift */ = {isa = PBXFileReference; fileEncoding = 4; lastKnownFileType = sourcecode.swift; path = PlaySound.swift; sourceTree = "<group>"; };
		DB4898C9279B541200CF7FE1 /* WaveView.swift */ = {isa = PBXFileReference; fileEncoding = 4; lastKnownFileType = sourcecode.swift; path = WaveView.swift; sourceTree = "<group>"; };
		DB4898CD279B541C00CF7FE1 /* buoyBells.m4a */ = {isa = PBXFileReference; lastKnownFileType = file; path = buoyBells.m4a; sourceTree = "<group>"; };
/* End PBXFileReference section */

/* Begin PBXFrameworksBuildPhase section */
		DB4898B3279B53DA00CF7FE1 /* Frameworks */ = {
			isa = PBXFrameworksBuildPhase;
			buildActionMask = 2147483647;
			files = (
			);
			runOnlyForDeploymentPostprocessing = 0;
		};
/* End PBXFrameworksBuildPhase section */

/* Begin PBXGroup section */
		DB4898AD279B53DA00CF7FE1 = {
			isa = PBXGroup;
			children = (
				DB4898B8279B53DA00CF7FE1 /* Make Waves */,
				DB4898B7279B53DA00CF7FE1 /* Products */,
			);
			sourceTree = "<group>";
		};
		DB4898B7279B53DA00CF7FE1 /* Products */ = {
			isa = PBXGroup;
			children = (
				DB4898B6279B53DA00CF7FE1 /* Make Waves.app */,
			);
			name = Products;
			sourceTree = "<group>";
		};
		DB4898B8279B53DA00CF7FE1 /* Make Waves */ = {
			isa = PBXGroup;
			children = (
				DB4898B9279B53DA00CF7FE1 /* Make_WavesApp.swift */,
				DB4898BB279B53DA00CF7FE1 /* ContentView.swift */,
				DB4898C7279B541200CF7FE1 /* BuoyView.swift */,
				DB4898C8279B541200CF7FE1 /* PlaySound.swift */,
				DB4898C9279B541200CF7FE1 /* WaveView.swift */,
				DB4898CD279B541C00CF7FE1 /* buoyBells.m4a */,
				DB4898BD279B53DA00CF7FE1 /* Assets.xcassets */,
				DB4898BF279B53DA00CF7FE1 /* Preview Content */,
			);
			path = "Make Waves";
			sourceTree = "<group>";
		};
		DB4898BF279B53DA00CF7FE1 /* Preview Content */ = {
			isa = PBXGroup;
			children = (
				DB4898C0279B53DA00CF7FE1 /* Preview Assets.xcassets */,
			);
			path = "Preview Content";
			sourceTree = "<group>";
		};
/* End PBXGroup section */

/* Begin PBXNativeTarget section */
		DB4898B5279B53DA00CF7FE1 /* Make Waves */ = {
			isa = PBXNativeTarget;
			buildConfigurationList = DB4898C4279B53DA00CF7FE1 /* Build configuration list for PBXNativeTarget "Make Waves" */;
			buildPhases = (
				DB4898B2279B53DA00CF7FE1 /* Sources */,
				DB4898B3279B53DA00CF7FE1 /* Frameworks */,
				DB4898B4279B53DA00CF7FE1 /* Resources */,
			);
			buildRules = (
			);
			dependencies = (
			);
			name = "Make Waves";
			productName = "Make Waves";
			productReference = DB4898B6279B53DA00CF7FE1 /* Make Waves.app */;
			productType = "com.apple.product-type.application";
		};
/* End PBXNativeTarget section */

/* Begin PBXProject section */
		DB4898AE279B53DA00CF7FE1 /* Project object */ = {
			isa = PBXProject;
			attributes = {
				BuildIndependentTargetsInParallel = 1;
				LastSwiftUpdateCheck = 1320;
				LastUpgradeCheck = 1320;
				TargetAttributes = {
					DB4898B5279B53DA00CF7FE1 = {
						CreatedOnToolsVersion = 13.2.1;
					};
				};
			};
			buildConfigurationList = DB4898B1279B53DA00CF7FE1 /* Build configuration list for PBXProject "Make Waves" */;
			compatibilityVersion = "Xcode 13.0";
			developmentRegion = en;
			hasScannedForEncodings = 0;
			knownRegions = (
				en,
				Base,
			);
			mainGroup = DB4898AD279B53DA00CF7FE1;
			productRefGroup = DB4898B7279B53DA00CF7FE1 /* Products */;
			projectDirPath = "";
			projectRoot = "";
			targets = (
				DB4898B5279B53DA00CF7FE1 /* Make Waves */,
			);
		};
/* End PBXProject section */

/* Begin PBXResourcesBuildPhase section */
		DB4898B4279B53DA00CF7FE1 /* Resources */ = {
			isa = PBXResourcesBuildPhase;
			buildActionMask = 2147483647;
			files = (
				DB4898C1279B53DA00CF7FE1 /* Preview Assets.xcassets in Resources */,
				DB4898BE279B53DA00CF7FE1 /* Assets.xcassets in Resources */,
				DB4898CE279B541C00CF7FE1 /* buoyBells.m4a in Resources */,
			);
			runOnlyForDeploymentPostprocessing = 0;
		};
/* End PBXResourcesBuildPhase section */

/* Begin PBXSourcesBuildPhase section */
		DB4898B2279B53DA00CF7FE1 /* Sources */ = {
			isa = PBXSourcesBuildPhase;
			buildActionMask = 2147483647;
			files = (
				DB4898BC279B53DA00CF7FE1 /* ContentView.swift in Sources */,
				DB4898CC279B541200CF7FE1 /* WaveView.swift in Sources */,
				DB4898CB279B541200CF7FE1 /* PlaySound.swift in Sources */,
				DB4898BA279B53DA00CF7FE1 /* Make_WavesApp.swift in Sources */,
				DB4898CA279B541200CF7FE1 /* BuoyView.swift in Sources */,
			);
			runOnlyForDeploymentPostprocessing = 0;
		};
/* End PBXSourcesBuildPhase section */

/* Begin XCBuildConfiguration section */
		DB4898C2279B53DA00CF7FE1 /* Debug */ = {
			isa = XCBuildConfiguration;
			buildSettings = {
				ALWAYS_SEARCH_USER_PATHS = NO;
				CLANG_ANALYZER_NONNULL = YES;
				CLANG_ANALYZER_NUMBER_OBJECT_CONVERSION = YES_AGGRESSIVE;
				CLANG_CXX_LANGUAGE_STANDARD = "gnu++17";
				CLANG_CXX_LIBRARY = "libc++";
				CLANG_ENABLE_MODULES = YES;
				CLANG_ENABLE_OBJC_ARC = YES;
				CLANG_ENABLE_OBJC_WEAK = YES;
				CLANG_WARN_BLOCK_CAPTURE_AUTORELEASING = YES;
				CLANG_WARN_BOOL_CONVERSION = YES;
				CLANG_WARN_COMMA = YES;
				CLANG_WARN_CONSTANT_CONVERSION = YES;
				CLANG_WARN_DEPRECATED_OBJC_IMPLEMENTATIONS = YES;
				CLANG_WARN_DIRECT_OBJC_ISA_USAGE = YES_ERROR;
				CLANG_WARN_DOCUMENTATION_COMMENTS = YES;
				CLANG_WARN_EMPTY_BODY = YES;
				CLANG_WARN_ENUM_CONVERSION = YES;
				CLANG_WARN_INFINITE_RECURSION = YES;
				CLANG_WARN_INT_CONVERSION = YES;
				CLANG_WARN_NON_LITERAL_NULL_CONVERSION = YES;
				CLANG_WARN_OBJC_IMPLICIT_RETAIN_SELF = YES;
				CLANG_WARN_OBJC_LITERAL_CONVERSION = YES;
				CLANG_WARN_OBJC_ROOT_CLASS = YES_ERROR;
				CLANG_WARN_QUOTED_INCLUDE_IN_FRAMEWORK_HEADER = YES;
				CLANG_WARN_RANGE_LOOP_ANALYSIS = YES;
				CLANG_WARN_STRICT_PROTOTYPES = YES;
				CLANG_WARN_SUSPICIOUS_MOVE = YES;
				CLANG_WARN_UNGUARDED_AVAILABILITY = YES_AGGRESSIVE;
				CLANG_WARN_UNREACHABLE_CODE = YES;
				CLANG_WARN__DUPLICATE_METHOD_MATCH = YES;
				COPY_PHASE_STRIP = NO;
				DEBUG_INFORMATION_FORMAT = dwarf;
				ENABLE_STRICT_OBJC_MSGSEND = YES;
				ENABLE_TESTABILITY = YES;
				GCC_C_LANGUAGE_STANDARD = gnu11;
				GCC_DYNAMIC_NO_PIC = NO;
				GCC_NO_COMMON_BLOCKS = YES;
				GCC_OPTIMIZATION_LEVEL = 0;
				GCC_PREPROCESSOR_DEFINITIONS = (
					"DEBUG=1",
					"$(inherited)",
				);
				GCC_WARN_64_TO_32_BIT_CONVERSION = YES;
				GCC_WARN_ABOUT_RETURN_TYPE = YES_ERROR;
				GCC_WARN_UNDECLARED_SELECTOR = YES;
				GCC_WARN_UNINITIALIZED_AUTOS = YES_AGGRESSIVE;
				GCC_WARN_UNUSED_FUNCTION = YES;
				GCC_WARN_UNUSED_VARIABLE = YES;
				IPHONEOS_DEPLOYMENT_TARGET = 15.2;
				MTL_ENABLE_DEBUG_INFO = INCLUDE_SOURCE;
				MTL_FAST_MATH = YES;
				ONLY_ACTIVE_ARCH = YES;
				SDKROOT = iphoneos;
				SWIFT_ACTIVE_COMPILATION_CONDITIONS = DEBUG;
				SWIFT_OPTIMIZATION_LEVEL = "-Onone";
			};
			name = Debug;
		};
		DB4898C3279B53DA00CF7FE1 /* Release */ = {
			isa = XCBuildConfiguration;
			buildSettings = {
				ALWAYS_SEARCH_USER_PATHS = NO;
				CLANG_ANALYZER_NONNULL = YES;
				CLANG_ANALYZER_NUMBER_OBJECT_CONVERSION = YES_AGGRESSIVE;
				CLANG_CXX_LANGUAGE_STANDARD = "gnu++17";
				CLANG_CXX_LIBRARY = "libc++";
				CLANG_ENABLE_MODULES = YES;
				CLANG_ENABLE_OBJC_ARC = YES;
				CLANG_ENABLE_OBJC_WEAK = YES;
				CLANG_WARN_BLOCK_CAPTURE_AUTORELEASING = YES;
				CLANG_WARN_BOOL_CONVERSION = YES;
				CLANG_WARN_COMMA = YES;
				CLANG_WARN_CONSTANT_CONVERSION = YES;
				CLANG_WARN_DEPRECATED_OBJC_IMPLEMENTATIONS = YES;
				CLANG_WARN_DIRECT_OBJC_ISA_USAGE = YES_ERROR;
				CLANG_WARN_DOCUMENTATION_COMMENTS = YES;
				CLANG_WARN_EMPTY_BODY = YES;
				CLANG_WARN_ENUM_CONVERSION = YES;
				CLANG_WARN_INFINITE_RECURSION = YES;
				CLANG_WARN_INT_CONVERSION = YES;
				CLANG_WARN_NON_LITERAL_NULL_CONVERSION = YES;
				CLANG_WARN_OBJC_IMPLICIT_RETAIN_SELF = YES;
				CLANG_WARN_OBJC_LITERAL_CONVERSION = YES;
				CLANG_WARN_OBJC_ROOT_CLASS = YES_ERROR;
				CLANG_WARN_QUOTED_INCLUDE_IN_FRAMEWORK_HEADER = YES;
				CLANG_WARN_RANGE_LOOP_ANALYSIS = YES;
				CLANG_WARN_STRICT_PROTOTYPES = YES;
				CLANG_WARN_SUSPICIOUS_MOVE = YES;
				CLANG_WARN_UNGUARDED_AVAILABILITY = YES_AGGRESSIVE;
				CLANG_WARN_UNREACHABLE_CODE = YES;
				CLANG_WARN__DUPLICATE_METHOD_MATCH = YES;
				COPY_PHASE_STRIP = NO;
				DEBUG_INFORMATION_FORMAT = "dwarf-with-dsym";
				ENABLE_NS_ASSERTIONS = NO;
				ENABLE_STRICT_OBJC_MSGSEND = YES;
				GCC_C_LANGUAGE_STANDARD = gnu11;
				GCC_NO_COMMON_BLOCKS = YES;
				GCC_WARN_64_TO_32_BIT_CONVERSION = YES;
				GCC_WARN_ABOUT_RETURN_TYPE = YES_ERROR;
				GCC_WARN_UNDECLARED_SELECTOR = YES;
				GCC_WARN_UNINITIALIZED_AUTOS = YES_AGGRESSIVE;
				GCC_WARN_UNUSED_FUNCTION = YES;
				GCC_WARN_UNUSED_VARIABLE = YES;
				IPHONEOS_DEPLOYMENT_TARGET = 15.2;
				MTL_ENABLE_DEBUG_INFO = NO;
				MTL_FAST_MATH = YES;
				SDKROOT = iphoneos;
				SWIFT_COMPILATION_MODE = wholemodule;
				SWIFT_OPTIMIZATION_LEVEL = "-O";
				VALIDATE_PRODUCT = YES;
			};
			name = Release;
		};
		DB4898C5279B53DA00CF7FE1 /* Debug */ = {
			isa = XCBuildConfiguration;
			buildSettings = {
				ASSETCATALOG_COMPILER_APPICON_NAME = AppIcon;
				ASSETCATALOG_COMPILER_GLOBAL_ACCENT_COLOR_NAME = AccentColor;
				CODE_SIGN_STYLE = Automatic;
				CURRENT_PROJECT_VERSION = 1;
				DEVELOPMENT_ASSET_PATHS = "\"Make Waves/Preview Content\"";
				DEVELOPMENT_TEAM = M4YWUWL5V9;
				ENABLE_PREVIEWS = YES;
				GENERATE_INFOPLIST_FILE = YES;
				INFOPLIST_KEY_UIApplicationSceneManifest_Generation = YES;
				INFOPLIST_KEY_UIApplicationSupportsIndirectInputEvents = YES;
				INFOPLIST_KEY_UILaunchScreen_Generation = YES;
				INFOPLIST_KEY_UISupportedInterfaceOrientations_iPad = "UIInterfaceOrientationPortrait UIInterfaceOrientationPortraitUpsideDown UIInterfaceOrientationLandscapeLeft UIInterfaceOrientationLandscapeRight";
				INFOPLIST_KEY_UISupportedInterfaceOrientations_iPhone = "UIInterfaceOrientationPortrait UIInterfaceOrientationLandscapeLeft UIInterfaceOrientationLandscapeRight";
				LD_RUNPATH_SEARCH_PATHS = (
					"$(inherited)",
					"@executable_path/Frameworks",
				);
				MARKETING_VERSION = 1.0;
				PRODUCT_BUNDLE_IDENTIFIER = "com.SMDAppTech.Make-Waves";
				PRODUCT_NAME = "$(TARGET_NAME)";
				SWIFT_EMIT_LOC_STRINGS = YES;
				SWIFT_VERSION = 5.0;
				TARGETED_DEVICE_FAMILY = "1,2";
			};
			name = Debug;
		};
		DB4898C6279B53DA00CF7FE1 /* Release */ = {
			isa = XCBuildConfiguration;
			buildSettings = {
				ASSETCATALOG_COMPILER_APPICON_NAME = AppIcon;
				ASSETCATALOG_COMPILER_GLOBAL_ACCENT_COLOR_NAME = AccentColor;
				CODE_SIGN_STYLE = Automatic;
				CURRENT_PROJECT_VERSION = 1;
				DEVELOPMENT_ASSET_PATHS = "\"Make Waves/Preview Content\"";
				DEVELOPMENT_TEAM = M4YWUWL5V9;
				ENABLE_PREVIEWS = YES;
				GENERATE_INFOPLIST_FILE = YES;
				INFOPLIST_KEY_UIApplicationSceneManifest_Generation = YES;
				INFOPLIST_KEY_UIApplicationSupportsIndirectInputEvents = YES;
				INFOPLIST_KEY_UILaunchScreen_Generation = YES;
				INFOPLIST_KEY_UISupportedInterfaceOrientations_iPad = "UIInterfaceOrientationPortrait UIInterfaceOrientationPortraitUpsideDown UIInterfaceOrientationLandscapeLeft UIInterfaceOrientationLandscapeRight";
				INFOPLIST_KEY_UISupportedInterfaceOrientations_iPhone = "UIInterfaceOrientationPortrait UIInterfaceOrientationLandscapeLeft UIInterfaceOrientationLandscapeRight";
				LD_RUNPATH_SEARCH_PATHS = (
					"$(inherited)",
					"@executable_path/Frameworks",
				);
				MARKETING_VERSION = 1.0;
				PRODUCT_BUNDLE_IDENTIFIER = "com.SMDAppTech.Make-Waves";
				PRODUCT_NAME = "$(TARGET_NAME)";
				SWIFT_EMIT_LOC_STRINGS = YES;
				SWIFT_VERSION = 5.0;
				TARGETED_DEVICE_FAMILY = "1,2";
			};
			name = Release;
		};
/* End XCBuildConfiguration section */

/* Begin XCConfigurationList section */
		DB4898B1279B53DA00CF7FE1 /* Build configuration list for PBXProject "Make Waves" */ = {
			isa = XCConfigurationList;
			buildConfigurations = (
				DB4898C2279B53DA00CF7FE1 /* Debug */,
				DB4898C3279B53DA00CF7FE1 /* Release */,
			);
			defaultConfigurationIsVisible = 0;
			defaultConfigurationName = Release;
		};
		DB4898C4279B53DA00CF7FE1 /* Build configuration list for PBXNativeTarget "Make Waves" */ = {
			isa = XCConfigurationList;
			buildConfigurations = (
				DB4898C5279B53DA00CF7FE1 /* Debug */,
				DB4898C6279B53DA00CF7FE1 /* Release */,
			);
			defaultConfigurationIsVisible = 0;
			defaultConfigurationName = Release;
		};
/* End XCConfigurationList section */
	};
	rootObject = DB4898AE279B53DA00CF7FE1 /* Project object */;
}
